{
  "name": "triangular-arbitrage",
  "version": "1.0.0",
  "lockfileVersion": 1,
  "requires": true,
  "dependencies": {
    "ccxt": {
      "version": "1.18.1123",
      "resolved": "https://registry.npmjs.org/ccxt/-/ccxt-1.18.1123.tgz",
      "integrity": "sha512-UkfSafai/SDvMteuzhRwee4MFIjgJJkp9BvNgvSizWCbuxXNXh1Z/9Znickc1UkJQ8dZXGoQ6gsvd4W2t11m1g=="
    }
  }
}
